
Microsoft Visual Studio Solution File, Format Version 12.00
# Visual Studio Version 17
VisualStudioVersion = 17.4.33103.184
MinimumVisualStudioVersion = 10.0.40219.1
Project("{FAE04EC0-301F-11D3-BF4B-00C04F79EFBC}") = "DotAlphaBuild", "DotAlphaBuild.csproj", "{C6715B96-0371-4DD2-B314-7CC146526189}"
EndProject
Global
	GlobalSection(SolutionConfigurationPlatforms) = preSolution
		Debug|Any CPU = Debug|Any CPU
		Release|Any CPU = Release|Any CPU
	EndGlobalSection
	GlobalSection(ProjectConfigurationPlatforms) = postSolution
		{C6715B96-0371-4DD2-B314-7CC146526189}.Debug|Any CPU.ActiveCfg = Debug|Any CPU
		{C6715B96-0371-4DD2-B314-7CC146526189}.Debug|Any CPU.Build.0 = Debug|Any CPU
		{C6715B96-0371-4DD2-B314-7CC146526189}.Release|Any CPU.ActiveCfg = Release|Any CPU
		{C6715B96-0371-4DD2-B314-7CC146526189}.Release|Any CPU.Build.0 = Release|Any CPU
	EndGlobalSection
	GlobalSection(SolutionProperties) = preSolution
		HideSolutionNode = FALSE
	EndGlobalSection
	GlobalSection(ExtensibilityGlobals) = postSolution
		SolutionGuid = {A3A0F0CC-6FBA-426A-9E1B-A85C92F56DD5}
	EndGlobalSection
EndGlobal
